// !$*UTF8*$!
{
	archiveVersion = 1;
	classes = {
	};
	objectVersion = 77;
	objects = {

/* Begin PBXBuildFile section */
		42CADCBA2D52A75A00D41EB9 /* WidgetKit.framework in Frameworks */ = {isa = PBXBuildFile; fileRef = 42CADCB92D52A75900D41EB9 /* WidgetKit.framework */; };
		42CADCBC2D52A75A00D41EB9 /* SwiftUI.framework in Frameworks */ = {isa = PBXBuildFile; fileRef = 42CADCBB2D52A75A00D41EB9 /* SwiftUI.framework */; };
		42CADCCB2D52A7A400D41EB9 /* FlipWidget.appex in Embed Foundation Extensions */ = {isa = PBXBuildFile; fileRef = 42CADCB72D52A75900D41EB9 /* FlipWidget.appex */; settings = {ATTRIBUTES = (RemoveHeadersOnCopy, ); }; };
/* End PBXBuildFile section */

/* Begin PBXContainerItemProxy section */
		42CADC972D52A72B00D41EB9 /* PBXContainerItemProxy */ = {
			isa = PBXContainerItemProxy;
			containerPortal = 42CADC7E2D52A72500D41EB9 /* Project object */;
			proxyType = 1;
			remoteGlobalIDString = 42CADC852D52A72500D41EB9;
			remoteInfo = test;
		};
		42CADCA12D52A72B00D41EB9 /* PBXContainerItemProxy */ = {
			isa = PBXContainerItemProxy;
			containerPortal = 42CADC7E2D52A72500D41EB9 /* Project object */;
			proxyType = 1;
			remoteGlobalIDString = 42CADC852D52A72500D41EB9;
			remoteInfo = test;
		};
		42CADCC92D52A7A400D41EB9 /* PBXContainerItemProxy */ = {
			isa = PBXContainerItemProxy;
			containerPortal = 42CADC7E2D52A72500D41EB9 /* Project object */;
			proxyType = 1;
			remoteGlobalIDString = 42CADCB62D52A75900D41EB9;
			remoteInfo = testwidgetExtension;
		};
/* End PBXContainerItemProxy section */

/* Begin PBXCopyFilesBuildPhase section */
		42CADCD02D52A7A500D41EB9 /* Embed Foundation Extensions */ = {
			isa = PBXCopyFilesBuildPhase;
			buildActionMask = 2147483647;
			dstPath = "";
			dstSubfolderSpec = 13;
			files = (
				42CADCCB2D52A7A400D41EB9 /* FlipWidget.appex in Embed Foundation Extensions */,
			);
			name = "Embed Foundation Extensions";
			runOnlyForDeploymentPostprocessing = 0;
		};
/* End PBXCopyFilesBuildPhase section */

/* Begin PBXFileReference section */
		42CADC862D52A72500D41EB9 /* FlipApp.app */ = {isa = PBXFileReference; explicitFileType = wrapper.application; includeInIndex = 0; path = FlipApp.app; sourceTree = BUILT_PRODUCTS_DIR; };
		42CADC962D52A72B00D41EB9 /* FlipTests.xctest */ = {isa = PBXFileReference; explicitFileType = wrapper.cfbundle; includeInIndex = 0; path = FlipTests.xctest; sourceTree = BUILT_PRODUCTS_DIR; };
		42CADCA02D52A72B00D41EB9 /* FlipUITests.xctest */ = {isa = PBXFileReference; explicitFileType = wrapper.cfbundle; includeInIndex = 0; path = FlipUITests.xctest; sourceTree = BUILT_PRODUCTS_DIR; };
		42CADCB72D52A75900D41EB9 /* FlipWidget.appex */ = {isa = PBXFileReference; explicitFileType = "wrapper.app-extension"; includeInIndex = 0; path = FlipWidget.appex; sourceTree = BUILT_PRODUCTS_DIR; };
		42CADCB92D52A75900D41EB9 /* WidgetKit.framework */ = {isa = PBXFileReference; lastKnownFileType = wrapper.framework; name = WidgetKit.framework; path = System/Library/Frameworks/WidgetKit.framework; sourceTree = SDKROOT; };
		42CADCBB2D52A75A00D41EB9 /* SwiftUI.framework */ = {isa = PBXFileReference; lastKnownFileType = wrapper.framework; name = SwiftUI.framework; path = System/Library/Frameworks/SwiftUI.framework; sourceTree = SDKROOT; };
/* End PBXFileReference section */

/* Begin PBXFileSystemSynchronizedBuildFileExceptionSet section */
		42CADCCC2D52A7A500D41EB9 /* Exceptions for "FlipWidget" folder in "FlipWidget" target */ = {
			isa = PBXFileSystemSynchronizedBuildFileExceptionSet;
			membershipExceptions = (
				Info.plist,
			);
			target = 42CADCB62D52A75900D41EB9 /* FlipWidget */;
		};
		42CADCDC2D52A91400D41EB9 /* Exceptions for "Shared" folder in "FlipWidget" target */ = {
			isa = PBXFileSystemSynchronizedBuildFileExceptionSet;
			membershipExceptions = (
				ActivityAttributes.swift,
				ActivityController.swift,
				Themes.swift,
				Types.swift,
			);
			target = 42CADCB62D52A75900D41EB9 /* FlipWidget */;
		};
		42CADD092D52B34900D41EB9 /* Exceptions for "FlipApp" folder in "FlipApp" target */ = {
			isa = PBXFileSystemSynchronizedBuildFileExceptionSet;
			membershipExceptions = (
				Info.plist,
			);
			target = 42CADC852D52A72500D41EB9 /* FlipApp */;
		};
/* End PBXFileSystemSynchronizedBuildFileExceptionSet section */

/* Begin PBXFileSystemSynchronizedRootGroup section */
		42CADC882D52A72500D41EB9 /* FlipApp */ = {
			isa = PBXFileSystemSynchronizedRootGroup;
			exceptions = (
				42CADD092D52B34900D41EB9 /* Exceptions for "FlipApp" folder in "FlipApp" target */,
			);
			path = FlipApp;
			sourceTree = "<group>";
		};
		42CADC992D52A72B00D41EB9 /* FlipTests */ = {
			isa = PBXFileSystemSynchronizedRootGroup;
			path = FlipTests;
			sourceTree = "<group>";
		};
		42CADCA32D52A72B00D41EB9 /* FlipUITests */ = {
			isa = PBXFileSystemSynchronizedRootGroup;
			path = FlipUITests;
			sourceTree = "<group>";
		};
		42CADCBD2D52A75A00D41EB9 /* FlipWidget */ = {
			isa = PBXFileSystemSynchronizedRootGroup;
			exceptions = (
				42CADCCC2D52A7A500D41EB9 /* Exceptions for "FlipWidget" folder in "FlipWidget" target */,
			);
			path = FlipWidget;
			sourceTree = "<group>";
		};
		42CADCD12D52A8BF00D41EB9 /* Shared */ = {
			isa = PBXFileSystemSynchronizedRootGroup;
			exceptions = (
				42CADCDC2D52A91400D41EB9 /* Exceptions for "Shared" folder in "FlipWidget" target */,
			);
			path = Shared;
			sourceTree = "<group>";
		};
/* End PBXFileSystemSynchronizedRootGroup section */

/* Begin PBXFrameworksBuildPhase section */
		42CADC832D52A72500D41EB9 /* Frameworks */ = {
			isa = PBXFrameworksBuildPhase;
			buildActionMask = 2147483647;
			files = (
			);
			runOnlyForDeploymentPostprocessing = 0;
		};
		42CADC932D52A72B00D41EB9 /* Frameworks */ = {
			isa = PBXFrameworksBuildPhase;
			buildActionMask = 2147483647;
			files = (
			);
			runOnlyForDeploymentPostprocessing = 0;
		};
		42CADC9D2D52A72B00D41EB9 /* Frameworks */ = {
			isa = PBXFrameworksBuildPhase;
			buildActionMask = 2147483647;
			files = (
			);
			runOnlyForDeploymentPostprocessing = 0;
		};
		42CADCB42D52A75900D41EB9 /* Frameworks */ = {
			isa = PBXFrameworksBuildPhase;
			buildActionMask = 2147483647;
			files = (
				42CADCBC2D52A75A00D41EB9 /* SwiftUI.framework in Frameworks */,
				42CADCBA2D52A75A00D41EB9 /* WidgetKit.framework in Frameworks */,
			);
			runOnlyForDeploymentPostprocessing = 0;
		};
/* End PBXFrameworksBuildPhase section */

/* Begin PBXGroup section */
		42CADC7D2D52A72500D41EB9 = {
			isa = PBXGroup;
			children = (
				42CADCD12D52A8BF00D41EB9 /* Shared */,
				42CADC882D52A72500D41EB9 /* FlipApp */,
				42CADC992D52A72B00D41EB9 /* FlipTests */,
				42CADCA32D52A72B00D41EB9 /* FlipUITests */,
				42CADCBD2D52A75A00D41EB9 /* FlipWidget */,
				42CADCB82D52A75900D41EB9 /* Frameworks */,
				42CADC872D52A72500D41EB9 /* Products */,
			);
			sourceTree = "<group>";
		};
		42CADC872D52A72500D41EB9 /* Products */ = {
			isa = PBXGroup;
			children = (
				42CADC862D52A72500D41EB9 /* FlipApp.app */,
				42CADC962D52A72B00D41EB9 /* FlipTests.xctest */,
				42CADCA02D52A72B00D41EB9 /* FlipUITests.xctest */,
				42CADCB72D52A75900D41EB9 /* FlipWidget.appex */,
			);
			name = Products;
			sourceTree = "<group>";
		};
		42CADCB82D52A75900D41EB9 /* Frameworks */ = {
			isa = PBXGroup;
			children = (
				42CADCB92D52A75900D41EB9 /* WidgetKit.framework */,
				42CADCBB2D52A75A00D41EB9 /* SwiftUI.framework */,
			);
			name = Frameworks;
			sourceTree = "<group>";
		};
/* End PBXGroup section */

/* Begin PBXNativeTarget section */
		42CADC852D52A72500D41EB9 /* FlipApp */ = {
			isa = PBXNativeTarget;
			buildConfigurationList = 42CADCAA2D52A72B00D41EB9 /* Build configuration list for PBXNativeTarget "FlipApp" */;
			buildPhases = (
				42CADC822D52A72500D41EB9 /* Sources */,
				42CADC832D52A72500D41EB9 /* Frameworks */,
				42CADC842D52A72500D41EB9 /* Resources */,
				42CADCD02D52A7A500D41EB9 /* Embed Foundation Extensions */,
			);
			buildRules = (
			);
			dependencies = (
				42CADCCA2D52A7A400D41EB9 /* PBXTargetDependency */,
			);
			fileSystemSynchronizedGroups = (
				42CADC882D52A72500D41EB9 /* FlipApp */,
				42CADCD12D52A8BF00D41EB9 /* Shared */,
			);
			name = FlipApp;
			packageProductDependencies = (
			);
			productName = test;
			productReference = 42CADC862D52A72500D41EB9 /* FlipApp.app */;
			productType = "com.apple.product-type.application";
		};
		42CADC952D52A72B00D41EB9 /* FlipTests */ = {
			isa = PBXNativeTarget;
			buildConfigurationList = 42CADCAD2D52A72B00D41EB9 /* Build configuration list for PBXNativeTarget "FlipTests" */;
			buildPhases = (
				42CADC922D52A72B00D41EB9 /* Sources */,
				42CADC932D52A72B00D41EB9 /* Frameworks */,
				42CADC942D52A72B00D41EB9 /* Resources */,
			);
			buildRules = (
			);
			dependencies = (
				42CADC982D52A72B00D41EB9 /* PBXTargetDependency */,
			);
			fileSystemSynchronizedGroups = (
				42CADC992D52A72B00D41EB9 /* FlipTests */,
			);
			name = FlipTests;
			packageProductDependencies = (
			);
			productName = testTests;
			productReference = 42CADC962D52A72B00D41EB9 /* FlipTests.xctest */;
			productType = "com.apple.product-type.bundle.unit-test";
		};
		42CADC9F2D52A72B00D41EB9 /* FlipUITests */ = {
			isa = PBXNativeTarget;
			buildConfigurationList = 42CADCB02D52A72B00D41EB9 /* Build configuration list for PBXNativeTarget "FlipUITests" */;
			buildPhases = (
				42CADC9C2D52A72B00D41EB9 /* Sources */,
				42CADC9D2D52A72B00D41EB9 /* Frameworks */,
				42CADC9E2D52A72B00D41EB9 /* Resources */,
			);
			buildRules = (
			);
			dependencies = (
				42CADCA22D52A72B00D41EB9 /* PBXTargetDependency */,
			);
			fileSystemSynchronizedGroups = (
				42CADCA32D52A72B00D41EB9 /* FlipUITests */,
			);
			name = FlipUITests;
			packageProductDependencies = (
			);
			productName = testUITests;
			productReference = 42CADCA02D52A72B00D41EB9 /* FlipUITests.xctest */;
			productType = "com.apple.product-type.bundle.ui-testing";
		};
		42CADCB62D52A75900D41EB9 /* FlipWidget */ = {
			isa = PBXNativeTarget;
			buildConfigurationList = 42CADCCD2D52A7A500D41EB9 /* Build configuration list for PBXNativeTarget "FlipWidget" */;
			buildPhases = (
				42CADCB32D52A75900D41EB9 /* Sources */,
				42CADCB42D52A75900D41EB9 /* Frameworks */,
				42CADCB52D52A75900D41EB9 /* Resources */,
			);
			buildRules = (
			);
			dependencies = (
			);
			fileSystemSynchronizedGroups = (
				42CADCBD2D52A75A00D41EB9 /* FlipWidget */,
			);
			name = FlipWidget;
			packageProductDependencies = (
			);
			productName = testwidgetExtension;
			productReference = 42CADCB72D52A75900D41EB9 /* FlipWidget.appex */;
			productType = "com.apple.product-type.app-extension";
		};
/* End PBXNativeTarget section */

/* Begin PBXProject section */
		42CADC7E2D52A72500D41EB9 /* Project object */ = {
			isa = PBXProject;
			attributes = {
				BuildIndependentTargetsInParallel = 1;
				LastSwiftUpdateCheck = 1620;
				LastUpgradeCheck = 1620;
				TargetAttributes = {
					42CADC852D52A72500D41EB9 = {
						CreatedOnToolsVersion = 16.2;
					};
					42CADC952D52A72B00D41EB9 = {
						CreatedOnToolsVersion = 16.2;
						TestTargetID = 42CADC852D52A72500D41EB9;
					};
					42CADC9F2D52A72B00D41EB9 = {
						CreatedOnToolsVersion = 16.2;
						TestTargetID = 42CADC852D52A72500D41EB9;
					};
					42CADCB62D52A75900D41EB9 = {
						CreatedOnToolsVersion = 16.2;
					};
				};
			};
			buildConfigurationList = 42CADC812D52A72500D41EB9 /* Build configuration list for PBXProject "Flip" */;
			developmentRegion = en;
			hasScannedForEncodings = 0;
			knownRegions = (
				en,
				Base,
			);
			mainGroup = 42CADC7D2D52A72500D41EB9;
			minimizedProjectReferenceProxies = 1;
			preferredProjectObjectVersion = 77;
			productRefGroup = 42CADC872D52A72500D41EB9 /* Products */;
			projectDirPath = "";
			projectRoot = "";
			targets = (
				42CADC852D52A72500D41EB9 /* FlipApp */,
				42CADC952D52A72B00D41EB9 /* FlipTests */,
				42CADC9F2D52A72B00D41EB9 /* FlipUITests */,
				42CADCB62D52A75900D41EB9 /* FlipWidget */,
			);
		};
/* End PBXProject section */

/* Begin PBXResourcesBuildPhase section */
		42CADC842D52A72500D41EB9 /* Resources */ = {
			isa = PBXResourcesBuildPhase;
			buildActionMask = 2147483647;
			files = (
			);
			runOnlyForDeploymentPostprocessing = 0;
		};
		42CADC942D52A72B00D41EB9 /* Resources */ = {
			isa = PBXResourcesBuildPhase;
			buildActionMask = 2147483647;
			files = (
			);
			runOnlyForDeploymentPostprocessing = 0;
		};
		42CADC9E2D52A72B00D41EB9 /* Resources */ = {
			isa = PBXResourcesBuildPhase;
			buildActionMask = 2147483647;
			files = (
			);
			runOnlyForDeploymentPostprocessing = 0;
		};
		42CADCB52D52A75900D41EB9 /* Resources */ = {
			isa = PBXResourcesBuildPhase;
			buildActionMask = 2147483647;
			files = (
			);
			runOnlyForDeploymentPostprocessing = 0;
		};
/* End PBXResourcesBuildPhase section */

/* Begin PBXSourcesBuildPhase section */
		42CADC822D52A72500D41EB9 /* Sources */ = {
			isa = PBXSourcesBuildPhase;
			buildActionMask = 2147483647;
			files = (
			);
			runOnlyForDeploymentPostprocessing = 0;
		};
		42CADC922D52A72B00D41EB9 /* Sources */ = {
			isa = PBXSourcesBuildPhase;
			buildActionMask = 2147483647;
			files = (
			);
			runOnlyForDeploymentPostprocessing = 0;
		};
		42CADC9C2D52A72B00D41EB9 /* Sources */ = {
			isa = PBXSourcesBuildPhase;
			buildActionMask = 2147483647;
			files = (
			);
			runOnlyForDeploymentPostprocessing = 0;
		};
		42CADCB32D52A75900D41EB9 /* Sources */ = {
			isa = PBXSourcesBuildPhase;
			buildActionMask = 2147483647;
			files = (
			);
			runOnlyForDeploymentPostprocessing = 0;
		};
/* End PBXSourcesBuildPhase section */

/* Begin PBXTargetDependency section */
		42CADC982D52A72B00D41EB9 /* PBXTargetDependency */ = {
			isa = PBXTargetDependency;
			target = 42CADC852D52A72500D41EB9 /* FlipApp */;
			targetProxy = 42CADC972D52A72B00D41EB9 /* PBXContainerItemProxy */;
		};
		42CADCA22D52A72B00D41EB9 /* PBXTargetDependency */ = {
			isa = PBXTargetDependency;
			target = 42CADC852D52A72500D41EB9 /* FlipApp */;
			targetProxy = 42CADCA12D52A72B00D41EB9 /* PBXContainerItemProxy */;
		};
		42CADCCA2D52A7A400D41EB9 /* PBXTargetDependency */ = {
			isa = PBXTargetDependency;
			target = 42CADCB62D52A75900D41EB9 /* FlipWidget */;
			targetProxy = 42CADCC92D52A7A400D41EB9 /* PBXContainerItemProxy */;
		};
/* End PBXTargetDependency section */

/* Begin XCBuildConfiguration section */
		42CADCA82D52A72B00D41EB9 /* Debug */ = {
			isa = XCBuildConfiguration;
			buildSettings = {
				ALWAYS_SEARCH_USER_PATHS = NO;
				ASSETCATALOG_COMPILER_GENERATE_SWIFT_ASSET_SYMBOL_EXTENSIONS = YES;
				CLANG_ANALYZER_NONNULL = YES;
				CLANG_ANALYZER_NUMBER_OBJECT_CONVERSION = YES_AGGRESSIVE;
				CLANG_CXX_LANGUAGE_STANDARD = "gnu++20";
				CLANG_ENABLE_MODULES = YES;
				CLANG_ENABLE_OBJC_ARC = YES;
				CLANG_ENABLE_OBJC_WEAK = YES;
				CLANG_WARN_BLOCK_CAPTURE_AUTORELEASING = YES;
				CLANG_WARN_BOOL_CONVERSION = YES;
				CLANG_WARN_COMMA = YES;
				CLANG_WARN_CONSTANT_CONVERSION = YES;
				CLANG_WARN_DEPRECATED_OBJC_IMPLEMENTATIONS = YES;
				CLANG_WARN_DIRECT_OBJC_ISA_USAGE = YES_ERROR;
				CLANG_WARN_DOCUMENTATION_COMMENTS = YES;
				CLANG_WARN_EMPTY_BODY = YES;
				CLANG_WARN_ENUM_CONVERSION = YES;
				CLANG_WARN_INFINITE_RECURSION = YES;
				CLANG_WARN_INT_CONVERSION = YES;
				CLANG_WARN_NON_LITERAL_NULL_CONVERSION = YES;
				CLANG_WARN_OBJC_IMPLICIT_RETAIN_SELF = YES;
				CLANG_WARN_OBJC_LITERAL_CONVERSION = YES;
				CLANG_WARN_OBJC_ROOT_CLASS = YES_ERROR;
				CLANG_WARN_QUOTED_INCLUDE_IN_FRAMEWORK_HEADER = YES;
				CLANG_WARN_RANGE_LOOP_ANALYSIS = YES;
				CLANG_WARN_STRICT_PROTOTYPES = YES;
				CLANG_WARN_SUSPICIOUS_MOVE = YES;
				CLANG_WARN_UNGUARDED_AVAILABILITY = YES_AGGRESSIVE;
				CLANG_WARN_UNREACHABLE_CODE = YES;
				CLANG_WARN__DUPLICATE_METHOD_MATCH = YES;
				COPY_PHASE_STRIP = NO;
				DEBUG_INFORMATION_FORMAT = dwarf;
				ENABLE_STRICT_OBJC_MSGSEND = YES;
				ENABLE_TESTABILITY = YES;
				ENABLE_USER_SCRIPT_SANDBOXING = YES;
				GCC_C_LANGUAGE_STANDARD = gnu17;
				GCC_DYNAMIC_NO_PIC = NO;
				GCC_NO_COMMON_BLOCKS = YES;
				GCC_OPTIMIZATION_LEVEL = 0;
				GCC_PREPROCESSOR_DEFINITIONS = (
					"DEBUG=1",
					"$(inherited)",
				);
				GCC_WARN_64_TO_32_BIT_CONVERSION = YES;
				GCC_WARN_ABOUT_RETURN_TYPE = YES_ERROR;
				GCC_WARN_UNDECLARED_SELECTOR = YES;
				GCC_WARN_UNINITIALIZED_AUTOS = YES_AGGRESSIVE;
				GCC_WARN_UNUSED_FUNCTION = YES;
				GCC_WARN_UNUSED_VARIABLE = YES;
				IPHONEOS_DEPLOYMENT_TARGET = 18.2;
				LOCALIZATION_PREFERS_STRING_CATALOGS = YES;
				MTL_ENABLE_DEBUG_INFO = INCLUDE_SOURCE;
				MTL_FAST_MATH = YES;
				ONLY_ACTIVE_ARCH = YES;
				SDKROOT = iphoneos;
				SWIFT_ACTIVE_COMPILATION_CONDITIONS = "DEBUG $(inherited)";
				SWIFT_OPTIMIZATION_LEVEL = "-Onone";
			};
			name = Debug;
		};
		42CADCA92D52A72B00D41EB9 /* Release */ = {
			isa = XCBuildConfiguration;
			buildSettings = {
				ALWAYS_SEARCH_USER_PATHS = NO;
				ASSETCATALOG_COMPILER_GENERATE_SWIFT_ASSET_SYMBOL_EXTENSIONS = YES;
				CLANG_ANALYZER_NONNULL = YES;
				CLANG_ANALYZER_NUMBER_OBJECT_CONVERSION = YES_AGGRESSIVE;
				CLANG_CXX_LANGUAGE_STANDARD = "gnu++20";
				CLANG_ENABLE_MODULES = YES;
				CLANG_ENABLE_OBJC_ARC = YES;
				CLANG_ENABLE_OBJC_WEAK = YES;
				CLANG_WARN_BLOCK_CAPTURE_AUTORELEASING = YES;
				CLANG_WARN_BOOL_CONVERSION = YES;
				CLANG_WARN_COMMA = YES;
				CLANG_WARN_CONSTANT_CONVERSION = YES;
				CLANG_WARN_DEPRECATED_OBJC_IMPLEMENTATIONS = YES;
				CLANG_WARN_DIRECT_OBJC_ISA_USAGE = YES_ERROR;
				CLANG_WARN_DOCUMENTATION_COMMENTS = YES;
				CLANG_WARN_EMPTY_BODY = YES;
				CLANG_WARN_ENUM_CONVERSION = YES;
				CLANG_WARN_INFINITE_RECURSION = YES;
				CLANG_WARN_INT_CONVERSION = YES;
				CLANG_WARN_NON_LITERAL_NULL_CONVERSION = YES;
				CLANG_WARN_OBJC_IMPLICIT_RETAIN_SELF = YES;
				CLANG_WARN_OBJC_LITERAL_CONVERSION = YES;
				CLANG_WARN_OBJC_ROOT_CLASS = YES_ERROR;
				CLANG_WARN_QUOTED_INCLUDE_IN_FRAMEWORK_HEADER = YES;
				CLANG_WARN_RANGE_LOOP_ANALYSIS = YES;
				CLANG_WARN_STRICT_PROTOTYPES = YES;
				CLANG_WARN_SUSPICIOUS_MOVE = YES;
				CLANG_WARN_UNGUARDED_AVAILABILITY = YES_AGGRESSIVE;
				CLANG_WARN_UNREACHABLE_CODE = YES;
				CLANG_WARN__DUPLICATE_METHOD_MATCH = YES;
				COPY_PHASE_STRIP = NO;
				DEBUG_INFORMATION_FORMAT = "dwarf-with-dsym";
				ENABLE_NS_ASSERTIONS = NO;
				ENABLE_STRICT_OBJC_MSGSEND = YES;
				ENABLE_USER_SCRIPT_SANDBOXING = YES;
				GCC_C_LANGUAGE_STANDARD = gnu17;
				GCC_NO_COMMON_BLOCKS = YES;
				GCC_WARN_64_TO_32_BIT_CONVERSION = YES;
				GCC_WARN_ABOUT_RETURN_TYPE = YES_ERROR;
				GCC_WARN_UNDECLARED_SELECTOR = YES;
				GCC_WARN_UNINITIALIZED_AUTOS = YES_AGGRESSIVE;
				GCC_WARN_UNUSED_FUNCTION = YES;
				GCC_WARN_UNUSED_VARIABLE = YES;
				IPHONEOS_DEPLOYMENT_TARGET = 18.2;
				LOCALIZATION_PREFERS_STRING_CATALOGS = YES;
				MTL_ENABLE_DEBUG_INFO = NO;
				MTL_FAST_MATH = YES;
				SDKROOT = iphoneos;
				SWIFT_COMPILATION_MODE = wholemodule;
				VALIDATE_PRODUCT = YES;
			};
			name = Release;
		};
		42CADCAB2D52A72B00D41EB9 /* Debug */ = {
			isa = XCBuildConfiguration;
			buildSettings = {
				ASSETCATALOG_COMPILER_APPICON_NAME = AppIcon;
				ASSETCATALOG_COMPILER_GLOBAL_ACCENT_COLOR_NAME = AccentColor;
				CODE_SIGN_STYLE = Automatic;
				CURRENT_PROJECT_VERSION = 1;
				DEVELOPMENT_ASSET_PATHS = "\"FlipApp/Preview Content\"";
				DEVELOPMENT_TEAM = 2HAG477YT9;
				ENABLE_PREVIEWS = YES;
				GENERATE_INFOPLIST_FILE = YES;
				INFOPLIST_FILE = FlipApp/Info.plist;
				INFOPLIST_KEY_CFBundleDisplayName = Flip;
				INFOPLIST_KEY_LSApplicationCategoryType = "public.app-category.productivity";
				INFOPLIST_KEY_NSMotionUsageDescription = "Motion detection is required to track when the phone is flipped";
				INFOPLIST_KEY_NSSupportsLiveActivities = YES;
				INFOPLIST_KEY_UIApplicationSceneManifest_Generation = YES;
				INFOPLIST_KEY_UIApplicationSupportsIndirectInputEvents = YES;
				INFOPLIST_KEY_UILaunchScreen_Generation = YES;
				INFOPLIST_KEY_UISupportedInterfaceOrientations_iPad = "UIInterfaceOrientationPortrait UIInterfaceOrientationPortraitUpsideDown UIInterfaceOrientationLandscapeLeft UIInterfaceOrientationLandscapeRight";
				INFOPLIST_KEY_UISupportedInterfaceOrientations_iPhone = "UIInterfaceOrientationPortrait UIInterfaceOrientationLandscapeLeft UIInterfaceOrientationLandscapeRight";
				IPHONEOS_DEPLOYMENT_TARGET = 18;
				LD_RUNPATH_SEARCH_PATHS = (
					"$(inherited)",
					"@executable_path/Frameworks",
				);
				MARKETING_VERSION = 1.0;
				PRODUCT_BUNDLE_IDENTIFIER = com.jexpearce.flip;
				PRODUCT_NAME = "$(TARGET_NAME)";
				SWIFT_EMIT_LOC_STRINGS = YES;
				SWIFT_VERSION = 5.0;
				TARGETED_DEVICE_FAMILY = "1,2";
			};
			name = Debug;
		};
		42CADCAC2D52A72B00D41EB9 /* Release */ = {
			isa = XCBuildConfiguration;
			buildSettings = {
				ASSETCATALOG_COMPILER_APPICON_NAME = AppIcon;
				ASSETCATALOG_COMPILER_GLOBAL_ACCENT_COLOR_NAME = AccentColor;
				CODE_SIGN_STYLE = Automatic;
				CURRENT_PROJECT_VERSION = 1;
				DEVELOPMENT_ASSET_PATHS = "\"FlipApp/Preview Content\"";
				DEVELOPMENT_TEAM = 2HAG477YT9;
				ENABLE_PREVIEWS = YES;
				GENERATE_INFOPLIST_FILE = YES;
				INFOPLIST_FILE = FlipApp/Info.plist;
				INFOPLIST_KEY_CFBundleDisplayName = Flip;
				INFOPLIST_KEY_LSApplicationCategoryType = "public.app-category.productivity";
				INFOPLIST_KEY_NSMotionUsageDescription = "Motion detection is required to track when the phone is flipped";
				INFOPLIST_KEY_NSSupportsLiveActivities = YES;
				INFOPLIST_KEY_UIApplicationSceneManifest_Generation = YES;
				INFOPLIST_KEY_UIApplicationSupportsIndirectInputEvents = YES;
				INFOPLIST_KEY_UILaunchScreen_Generation = YES;
				INFOPLIST_KEY_UISupportedInterfaceOrientations_iPad = "UIInterfaceOrientationPortrait UIInterfaceOrientationPortraitUpsideDown UIInterfaceOrientationLandscapeLeft UIInterfaceOrientationLandscapeRight";
				INFOPLIST_KEY_UISupportedInterfaceOrientations_iPhone = "UIInterfaceOrientationPortrait UIInterfaceOrientationLandscapeLeft UIInterfaceOrientationLandscapeRight";
				IPHONEOS_DEPLOYMENT_TARGET = 18;
				LD_RUNPATH_SEARCH_PATHS = (
					"$(inherited)",
					"@executable_path/Frameworks",
				);
				MARKETING_VERSION = 1.0;
				PRODUCT_BUNDLE_IDENTIFIER = com.jexpearce.flip;
				PRODUCT_NAME = "$(TARGET_NAME)";
				SWIFT_EMIT_LOC_STRINGS = YES;
				SWIFT_VERSION = 5.0;
				TARGETED_DEVICE_FAMILY = "1,2";
			};
			name = Release;
		};
		42CADCAE2D52A72B00D41EB9 /* Debug */ = {
			isa = XCBuildConfiguration;
			buildSettings = {
				BUNDLE_LOADER = "$(TEST_HOST)";
				CODE_SIGN_STYLE = Automatic;
				CURRENT_PROJECT_VERSION = 1;
				DEVELOPMENT_TEAM = 2HAG477YT9;
				GENERATE_INFOPLIST_FILE = YES;
				IPHONEOS_DEPLOYMENT_TARGET = 18.2;
				MARKETING_VERSION = 1.0;
				PRODUCT_BUNDLE_IDENTIFIER = com.jexpearce.flip.tests;
				PRODUCT_NAME = "$(TARGET_NAME)";
				SWIFT_EMIT_LOC_STRINGS = NO;
				SWIFT_VERSION = 5.0;
				TARGETED_DEVICE_FAMILY = "1,2";
				TEST_HOST = "$(BUILT_PRODUCTS_DIR)/Flip.app/$(BUNDLE_EXECUTABLE_FOLDER_PATH)/Flip";
			};
			name = Debug;
		};
		42CADCAF2D52A72B00D41EB9 /* Release */ = {
			isa = XCBuildConfiguration;
			buildSettings = {
				BUNDLE_LOADER = "$(TEST_HOST)";
				CODE_SIGN_STYLE = Automatic;
				CURRENT_PROJECT_VERSION = 1;
				DEVELOPMENT_TEAM = 2HAG477YT9;
				GENERATE_INFOPLIST_FILE = YES;
				IPHONEOS_DEPLOYMENT_TARGET = 18.2;
				MARKETING_VERSION = 1.0;
				PRODUCT_BUNDLE_IDENTIFIER = com.jexpearce.flip.tests;
				PRODUCT_NAME = "$(TARGET_NAME)";
				SWIFT_EMIT_LOC_STRINGS = NO;
				SWIFT_VERSION = 5.0;
				TARGETED_DEVICE_FAMILY = "1,2";
				TEST_HOST = "$(BUILT_PRODUCTS_DIR)/Flip.app/$(BUNDLE_EXECUTABLE_FOLDER_PATH)/Flip";
			};
			name = Release;
		};
		42CADCB12D52A72B00D41EB9 /* Debug */ = {
			isa = XCBuildConfiguration;
			buildSettings = {
				CODE_SIGN_STYLE = Automatic;
				CURRENT_PROJECT_VERSION = 1;
				DEVELOPMENT_TEAM = 2HAG477YT9;
				GENERATE_INFOPLIST_FILE = YES;
				MARKETING_VERSION = 1.0;
				PRODUCT_BUNDLE_IDENTIFIER = com.jexpearce.flip.uitests;
				PRODUCT_NAME = "$(TARGET_NAME)";
				SWIFT_EMIT_LOC_STRINGS = NO;
				SWIFT_VERSION = 5.0;
				TARGETED_DEVICE_FAMILY = "1,2";
				TEST_TARGET_NAME = test;
			};
			name = Debug;
		};
		42CADCB22D52A72B00D41EB9 /* Release */ = {
			isa = XCBuildConfiguration;
			buildSettings = {
				CODE_SIGN_STYLE = Automatic;
				CURRENT_PROJECT_VERSION = 1;
				DEVELOPMENT_TEAM = 2HAG477YT9;
				GENERATE_INFOPLIST_FILE = YES;
				MARKETING_VERSION = 1.0;
				PRODUCT_BUNDLE_IDENTIFIER = com.jexpearce.flip.uitests;
				PRODUCT_NAME = "$(TARGET_NAME)";
				SWIFT_EMIT_LOC_STRINGS = NO;
				SWIFT_VERSION = 5.0;
				TARGETED_DEVICE_FAMILY = "1,2";
				TEST_TARGET_NAME = test;
			};
			name = Release;
		};
		42CADCCE2D52A7A500D41EB9 /* Debug */ = {
			isa = XCBuildConfiguration;
			buildSettings = {
				ASSETCATALOG_COMPILER_GLOBAL_ACCENT_COLOR_NAME = AccentColor;
				ASSETCATALOG_COMPILER_WIDGET_BACKGROUND_COLOR_NAME = WidgetBackground;
				CODE_SIGN_STYLE = Automatic;
				CURRENT_PROJECT_VERSION = 1;
				DEVELOPMENT_TEAM = 2HAG477YT9;
				GENERATE_INFOPLIST_FILE = YES;
				INFOPLIST_FILE = FlipWidget/Info.plist;
				INFOPLIST_KEY_CFBundleDisplayName = FlipWidget;
				INFOPLIST_KEY_NSHumanReadableCopyright = "";
				INFOPLIST_KEY_NSSupportsLiveActivities = YES;
				LD_RUNPATH_SEARCH_PATHS = (
					"$(inherited)",
					"@executable_path/Frameworks",
					"@executable_path/../../Frameworks",
				);
				MARKETING_VERSION = 1.0;
				PRODUCT_BUNDLE_IDENTIFIER = com.jexpearce.flip.widget;
				PRODUCT_NAME = "$(TARGET_NAME)";
				SKIP_INSTALL = YES;
				SWIFT_EMIT_LOC_STRINGS = YES;
				SWIFT_VERSION = 5.0;
				TARGETED_DEVICE_FAMILY = "1,2";
			};
			name = Debug;
		};
		42CADCCF2D52A7A500D41EB9 /* Release */ = {
			isa = XCBuildConfiguration;
			buildSettings = {
				ASSETCATALOG_COMPILER_GLOBAL_ACCENT_COLOR_NAME = AccentColor;
				ASSETCATALOG_COMPILER_WIDGET_BACKGROUND_COLOR_NAME = WidgetBackground;
				CODE_SIGN_STYLE = Automatic;
				CURRENT_PROJECT_VERSION = 1;
				DEVELOPMENT_TEAM = 2HAG477YT9;
				GENERATE_INFOPLIST_FILE = YES;
				INFOPLIST_FILE = FlipWidget/Info.plist;
				INFOPLIST_KEY_CFBundleDisplayName = FlipWidget;
				INFOPLIST_KEY_NSHumanReadableCopyright = "";
				INFOPLIST_KEY_NSSupportsLiveActivities = YES;
				LD_RUNPATH_SEARCH_PATHS = (
					"$(inherited)",
					"@executable_path/Frameworks",
					"@executable_path/../../Frameworks",
				);
				MARKETING_VERSION = 1.0;
				PRODUCT_BUNDLE_IDENTIFIER = com.jexpearce.flip.widget;
				PRODUCT_NAME = "$(TARGET_NAME)";
				SKIP_INSTALL = YES;
				SWIFT_EMIT_LOC_STRINGS = YES;
				SWIFT_VERSION = 5.0;
				TARGETED_DEVICE_FAMILY = "1,2";
			};
			name = Release;
		};
/* End XCBuildConfiguration section */

/* Begin XCConfigurationList section */
		42CADC812D52A72500D41EB9 /* Build configuration list for PBXProject "Flip" */ = {
			isa = XCConfigurationList;
			buildConfigurations = (
				42CADCA82D52A72B00D41EB9 /* Debug */,
				42CADCA92D52A72B00D41EB9 /* Release */,
			);
			defaultConfigurationIsVisible = 0;
			defaultConfigurationName = Release;
		};
		42CADCAA2D52A72B00D41EB9 /* Build configuration list for PBXNativeTarget "FlipApp" */ = {
			isa = XCConfigurationList;
			buildConfigurations = (
				42CADCAB2D52A72B00D41EB9 /* Debug */,
				42CADCAC2D52A72B00D41EB9 /* Release */,
			);
			defaultConfigurationIsVisible = 0;
			defaultConfigurationName = Release;
		};
		42CADCAD2D52A72B00D41EB9 /* Build configuration list for PBXNativeTarget "FlipTests" */ = {
			isa = XCConfigurationList;
			buildConfigurations = (
				42CADCAE2D52A72B00D41EB9 /* Debug */,
				42CADCAF2D52A72B00D41EB9 /* Release */,
			);
			defaultConfigurationIsVisible = 0;
			defaultConfigurationName = Release;
		};
		42CADCB02D52A72B00D41EB9 /* Build configuration list for PBXNativeTarget "FlipUITests" */ = {
			isa = XCConfigurationList;
			buildConfigurations = (
				42CADCB12D52A72B00D41EB9 /* Debug */,
				42CADCB22D52A72B00D41EB9 /* Release */,
			);
			defaultConfigurationIsVisible = 0;
			defaultConfigurationName = Release;
		};
		42CADCCD2D52A7A500D41EB9 /* Build configuration list for PBXNativeTarget "FlipWidget" */ = {
			isa = XCConfigurationList;
			buildConfigurations = (
				42CADCCE2D52A7A500D41EB9 /* Debug */,
				42CADCCF2D52A7A500D41EB9 /* Release */,
			);
			defaultConfigurationIsVisible = 0;
			defaultConfigurationName = Release;
		};
/* End XCConfigurationList section */
	};
	rootObject = 42CADC7E2D52A72500D41EB9 /* Project object */;
}
