// !$*UTF8*$!
{
	archiveVersion = 1;
	classes = {
	};
	objectVersion = 77;
	objects = {

/* Begin PBXBuildFile section */
		423C3E9B2D52893600847E76 /* SwiftUI.framework in Frameworks */ = {isa = PBXBuildFile; fileRef = 426C2A2A2D4E59290016880D /* SwiftUI.framework */; };
		423C3E9D2D52893800847E76 /* WidgetKit.framework in Frameworks */ = {isa = PBXBuildFile; fileRef = 426C2A282D4E59290016880D /* WidgetKit.framework */; };
		423C3EA42D5289B700847E76 /* ActivityKit.framework in Frameworks */ = {isa = PBXBuildFile; fileRef = 423C3EA22D52899E00847E76 /* ActivityKit.framework */; };
		423C3EA82D5289CE00847E76 /* ActivityKit.framework in Frameworks */ = {isa = PBXBuildFile; fileRef = 423C3EA22D52899E00847E76 /* ActivityKit.framework */; };
		426C2A692D4E65220016880D /* FlipTypes.swift in Sources */ = {isa = PBXBuildFile; fileRef = 426C2A552D4E65220016880D /* FlipTypes.swift */; };
		426C2A6E2D4E65220016880D /* Themes.swift in Sources */ = {isa = PBXBuildFile; fileRef = 426C2A5B2D4E65220016880D /* Themes.swift */; };
		426C2A862D4E65220016880D /* FlipActivityAttributes.swift in Sources */ = {isa = PBXBuildFile; fileRef = 426C2A792D4E65220016880D /* FlipActivityAttributes.swift */; };
		42ED1DC82D526E35009CC1CE /* Widget2Extension.appex in Embed Foundation Extensions */ = {isa = PBXBuildFile; fileRef = 42ED1DB72D526E2D009CC1CE /* Widget2Extension.appex */; settings = {ATTRIBUTES = (RemoveHeadersOnCopy, ); }; };
		42ED1DD22D526F40009CC1CE /* FlipActivityAttributes.swift in Sources */ = {isa = PBXBuildFile; fileRef = 426C2A792D4E65220016880D /* FlipActivityAttributes.swift */; };
		42ED1DD32D526F46009CC1CE /* Themes.swift in Sources */ = {isa = PBXBuildFile; fileRef = 426C2A5B2D4E65220016880D /* Themes.swift */; };
		42ED1DD42D526F4C009CC1CE /* FlipTypes.swift in Sources */ = {isa = PBXBuildFile; fileRef = 426C2A552D4E65220016880D /* FlipTypes.swift */; };
/* End PBXBuildFile section */

/* Begin PBXContainerItemProxy section */
		427002912D479F6000CB2153 /* PBXContainerItemProxy */ = {
			isa = PBXContainerItemProxy;
			containerPortal = 427002782D479F5A00CB2153 /* Project object */;
			proxyType = 1;
			remoteGlobalIDString = 4270027F2D479F5A00CB2153;
			remoteInfo = Flip;
		};
		4270029B2D479F6000CB2153 /* PBXContainerItemProxy */ = {
			isa = PBXContainerItemProxy;
			containerPortal = 427002782D479F5A00CB2153 /* Project object */;
			proxyType = 1;
			remoteGlobalIDString = 4270027F2D479F5A00CB2153;
			remoteInfo = Flip;
		};
		42ED1DC62D526E35009CC1CE /* PBXContainerItemProxy */ = {
			isa = PBXContainerItemProxy;
			containerPortal = 427002782D479F5A00CB2153 /* Project object */;
			proxyType = 1;
			remoteGlobalIDString = 42ED1DB62D526E2D009CC1CE;
			remoteInfo = Widget2Extension;
		};
/* End PBXContainerItemProxy section */

/* Begin PBXCopyFilesBuildPhase section */
		426C2A3D2D4E59320016880D /* Embed Foundation Extensions */ = {
			isa = PBXCopyFilesBuildPhase;
			buildActionMask = 2147483647;
			dstPath = "";
			dstSubfolderSpec = 13;
			files = (
				42ED1DC82D526E35009CC1CE /* Widget2Extension.appex in Embed Foundation Extensions */,
			);
			name = "Embed Foundation Extensions";
			runOnlyForDeploymentPostprocessing = 0;
		};
/* End PBXCopyFilesBuildPhase section */

/* Begin PBXFileReference section */
		423C3EA22D52899E00847E76 /* ActivityKit.framework */ = {isa = PBXFileReference; lastKnownFileType = wrapper.framework; name = ActivityKit.framework; path = System/Library/Frameworks/ActivityKit.framework; sourceTree = SDKROOT; };
		426C2A282D4E59290016880D /* WidgetKit.framework */ = {isa = PBXFileReference; lastKnownFileType = wrapper.framework; name = WidgetKit.framework; path = System/Library/Frameworks/WidgetKit.framework; sourceTree = SDKROOT; };
		426C2A2A2D4E59290016880D /* SwiftUI.framework */ = {isa = PBXFileReference; lastKnownFileType = wrapper.framework; name = SwiftUI.framework; path = System/Library/Frameworks/SwiftUI.framework; sourceTree = SDKROOT; };
		426C2A552D4E65220016880D /* FlipTypes.swift */ = {isa = PBXFileReference; lastKnownFileType = sourcecode.swift; path = FlipTypes.swift; sourceTree = "<group>"; };
		426C2A5B2D4E65220016880D /* Themes.swift */ = {isa = PBXFileReference; lastKnownFileType = sourcecode.swift; path = Themes.swift; sourceTree = "<group>"; };
		426C2A792D4E65220016880D /* FlipActivityAttributes.swift */ = {isa = PBXFileReference; lastKnownFileType = sourcecode.swift; path = FlipActivityAttributes.swift; sourceTree = "<group>"; };
		427002802D479F5A00CB2153 /* Flip.app */ = {isa = PBXFileReference; explicitFileType = wrapper.application; includeInIndex = 0; path = Flip.app; sourceTree = BUILT_PRODUCTS_DIR; };
		427002902D479F6000CB2153 /* FlipTests.xctest */ = {isa = PBXFileReference; explicitFileType = wrapper.cfbundle; includeInIndex = 0; path = FlipTests.xctest; sourceTree = BUILT_PRODUCTS_DIR; };
		4270029A2D479F6000CB2153 /* FlipUITests.xctest */ = {isa = PBXFileReference; explicitFileType = wrapper.cfbundle; includeInIndex = 0; path = FlipUITests.xctest; sourceTree = BUILT_PRODUCTS_DIR; };
		42ED1DB72D526E2D009CC1CE /* Widget2Extension.appex */ = {isa = PBXFileReference; explicitFileType = "wrapper.app-extension"; includeInIndex = 0; path = Widget2Extension.appex; sourceTree = BUILT_PRODUCTS_DIR; };
/* End PBXFileReference section */

/* Begin PBXFileSystemSynchronizedBuildFileExceptionSet section */
		1AC231B32D52BD6400CE2796 /* Exceptions for "Widget2" folder in "Widget2Extension" target */ = {
			isa = PBXFileSystemSynchronizedBuildFileExceptionSet;
			membershipExceptions = (
				Info.plist,
			);
			target = 42ED1DB62D526E2D009CC1CE /* Widget2Extension */;
		};
		423C3EAA2D528C4B00847E76 /* Exceptions for "Flip" folder in "Flip" target */ = {
			isa = PBXFileSystemSynchronizedBuildFileExceptionSet;
			membershipExceptions = (
				Info.plist,
			);
			target = 4270027F2D479F5A00CB2153 /* Flip */;
		};
/* End PBXFileSystemSynchronizedBuildFileExceptionSet section */

/* Begin PBXFileSystemSynchronizedRootGroup section */
		427002822D479F5A00CB2153 /* Flip */ = {
			isa = PBXFileSystemSynchronizedRootGroup;
			exceptions = (
				423C3EAA2D528C4B00847E76 /* Exceptions for "Flip" folder in "Flip" target */,
			);
			path = Flip;
			sourceTree = "<group>";
		};
		427002932D479F6000CB2153 /* FlipTests */ = {
			isa = PBXFileSystemSynchronizedRootGroup;
			path = FlipTests;
			sourceTree = "<group>";
		};
		4270029D2D479F6000CB2153 /* FlipUITests */ = {
			isa = PBXFileSystemSynchronizedRootGroup;
			path = FlipUITests;
			sourceTree = "<group>";
		};
		42ED1DBA2D526E2E009CC1CE /* Widget2 */ = {
			isa = PBXFileSystemSynchronizedRootGroup;
			exceptions = (
				1AC231B32D52BD6400CE2796 /* Exceptions for "Widget2" folder in "Widget2Extension" target */,
			);
			path = Widget2;
			sourceTree = "<group>";
		};
/* End PBXFileSystemSynchronizedRootGroup section */

/* Begin PBXFrameworksBuildPhase section */
		4270027D2D479F5A00CB2153 /* Frameworks */ = {
			isa = PBXFrameworksBuildPhase;
			buildActionMask = 2147483647;
			files = (
				423C3EA42D5289B700847E76 /* ActivityKit.framework in Frameworks */,
			);
			runOnlyForDeploymentPostprocessing = 0;
		};
		4270028D2D479F6000CB2153 /* Frameworks */ = {
			isa = PBXFrameworksBuildPhase;
			buildActionMask = 2147483647;
			files = (
			);
			runOnlyForDeploymentPostprocessing = 0;
		};
		427002972D479F6000CB2153 /* Frameworks */ = {
			isa = PBXFrameworksBuildPhase;
			buildActionMask = 2147483647;
			files = (
			);
			runOnlyForDeploymentPostprocessing = 0;
		};
		42ED1DB42D526E2D009CC1CE /* Frameworks */ = {
			isa = PBXFrameworksBuildPhase;
			buildActionMask = 2147483647;
			files = (
				423C3EA82D5289CE00847E76 /* ActivityKit.framework in Frameworks */,
				423C3E9B2D52893600847E76 /* SwiftUI.framework in Frameworks */,
				423C3E9D2D52893800847E76 /* WidgetKit.framework in Frameworks */,
			);
			runOnlyForDeploymentPostprocessing = 0;
		};
/* End PBXFrameworksBuildPhase section */

/* Begin PBXGroup section */
		426C29DF2D4BA1860016880D /* Frameworks */ = {
			isa = PBXGroup;
			children = (
				423C3EA22D52899E00847E76 /* ActivityKit.framework */,
				426C2A282D4E59290016880D /* WidgetKit.framework */,
				426C2A2A2D4E59290016880D /* SwiftUI.framework */,
			);
			name = Frameworks;
			sourceTree = "<group>";
		};
		426C2A922D4E6BB10016880D /* Shared */ = {
			isa = PBXGroup;
			children = (
				426C2A552D4E65220016880D /* FlipTypes.swift */,
				426C2A792D4E65220016880D /* FlipActivityAttributes.swift */,
				426C2A5B2D4E65220016880D /* Themes.swift */,
			);
			path = Shared;
			sourceTree = SOURCE_ROOT;
		};
		427002772D479F5A00CB2153 = {
			isa = PBXGroup;
			children = (
				426C2A922D4E6BB10016880D /* Shared */,
				427002822D479F5A00CB2153 /* Flip */,
				427002932D479F6000CB2153 /* FlipTests */,
				4270029D2D479F6000CB2153 /* FlipUITests */,
				42ED1DBA2D526E2E009CC1CE /* Widget2 */,
				426C29DF2D4BA1860016880D /* Frameworks */,
				427002812D479F5A00CB2153 /* Products */,
			);
			sourceTree = "<group>";
		};
		427002812D479F5A00CB2153 /* Products */ = {
			isa = PBXGroup;
			children = (
				427002802D479F5A00CB2153 /* Flip.app */,
				427002902D479F6000CB2153 /* FlipTests.xctest */,
				4270029A2D479F6000CB2153 /* FlipUITests.xctest */,
				42ED1DB72D526E2D009CC1CE /* Widget2Extension.appex */,
			);
			name = Products;
			sourceTree = "<group>";
		};
/* End PBXGroup section */

/* Begin PBXNativeTarget section */
		4270027F2D479F5A00CB2153 /* Flip */ = {
			isa = PBXNativeTarget;
			buildConfigurationList = 427002A42D479F6000CB2153 /* Build configuration list for PBXNativeTarget "Flip" */;
			buildPhases = (
				4270027C2D479F5A00CB2153 /* Sources */,
				4270027D2D479F5A00CB2153 /* Frameworks */,
				4270027E2D479F5A00CB2153 /* Resources */,
				426C2A3D2D4E59320016880D /* Embed Foundation Extensions */,
			);
			buildRules = (
			);
			dependencies = (
				42ED1DC72D526E35009CC1CE /* PBXTargetDependency */,
			);
			fileSystemSynchronizedGroups = (
				427002822D479F5A00CB2153 /* Flip */,
			);
			name = Flip;
			packageProductDependencies = (
			);
			productName = Flip;
			productReference = 427002802D479F5A00CB2153 /* Flip.app */;
			productType = "com.apple.product-type.application";
		};
		4270028F2D479F6000CB2153 /* FlipTests */ = {
			isa = PBXNativeTarget;
			buildConfigurationList = 427002A72D479F6000CB2153 /* Build configuration list for PBXNativeTarget "FlipTests" */;
			buildPhases = (
				4270028C2D479F6000CB2153 /* Sources */,
				4270028D2D479F6000CB2153 /* Frameworks */,
				4270028E2D479F6000CB2153 /* Resources */,
			);
			buildRules = (
			);
			dependencies = (
				427002922D479F6000CB2153 /* PBXTargetDependency */,
			);
			fileSystemSynchronizedGroups = (
				427002932D479F6000CB2153 /* FlipTests */,
			);
			name = FlipTests;
			packageProductDependencies = (
			);
			productName = FlipTests;
			productReference = 427002902D479F6000CB2153 /* FlipTests.xctest */;
			productType = "com.apple.product-type.bundle.unit-test";
		};
		427002992D479F6000CB2153 /* FlipUITests */ = {
			isa = PBXNativeTarget;
			buildConfigurationList = 427002AA2D479F6000CB2153 /* Build configuration list for PBXNativeTarget "FlipUITests" */;
			buildPhases = (
				427002962D479F6000CB2153 /* Sources */,
				427002972D479F6000CB2153 /* Frameworks */,
				427002982D479F6000CB2153 /* Resources */,
			);
			buildRules = (
			);
			dependencies = (
				4270029C2D479F6000CB2153 /* PBXTargetDependency */,
			);
			fileSystemSynchronizedGroups = (
				4270029D2D479F6000CB2153 /* FlipUITests */,
			);
			name = FlipUITests;
			packageProductDependencies = (
			);
			productName = FlipUITests;
			productReference = 4270029A2D479F6000CB2153 /* FlipUITests.xctest */;
			productType = "com.apple.product-type.bundle.ui-testing";
		};
		42ED1DB62D526E2D009CC1CE /* Widget2Extension */ = {
			isa = PBXNativeTarget;
			buildConfigurationList = 42ED1DC92D526E35009CC1CE /* Build configuration list for PBXNativeTarget "Widget2Extension" */;
			buildPhases = (
				42ED1DB32D526E2D009CC1CE /* Sources */,
				42ED1DB42D526E2D009CC1CE /* Frameworks */,
				42ED1DB52D526E2D009CC1CE /* Resources */,
			);
			buildRules = (
			);
			dependencies = (
			);
			fileSystemSynchronizedGroups = (
				42ED1DBA2D526E2E009CC1CE /* Widget2 */,
			);
			name = Widget2Extension;
			packageProductDependencies = (
			);
			productName = Widget2Extension;
			productReference = 42ED1DB72D526E2D009CC1CE /* Widget2Extension.appex */;
			productType = "com.apple.product-type.app-extension";
		};
/* End PBXNativeTarget section */

/* Begin PBXProject section */
		427002782D479F5A00CB2153 /* Project object */ = {
			isa = PBXProject;
			attributes = {
				BuildIndependentTargetsInParallel = 1;
				LastSwiftUpdateCheck = 1620;
				LastUpgradeCheck = 1620;
				TargetAttributes = {
					4270027F2D479F5A00CB2153 = {
						CreatedOnToolsVersion = 16.2;
					};
					4270028F2D479F6000CB2153 = {
						CreatedOnToolsVersion = 16.2;
						TestTargetID = 4270027F2D479F5A00CB2153;
					};
					427002992D479F6000CB2153 = {
						CreatedOnToolsVersion = 16.2;
						TestTargetID = 4270027F2D479F5A00CB2153;
					};
					42ED1DB62D526E2D009CC1CE = {
						CreatedOnToolsVersion = 16.2;
					};
				};
			};
			buildConfigurationList = 4270027B2D479F5A00CB2153 /* Build configuration list for PBXProject "Flip" */;
			developmentRegion = en;
			hasScannedForEncodings = 0;
			knownRegions = (
				en,
				Base,
			);
			mainGroup = 427002772D479F5A00CB2153;
			minimizedProjectReferenceProxies = 1;
			preferredProjectObjectVersion = 77;
			productRefGroup = 427002812D479F5A00CB2153 /* Products */;
			projectDirPath = "";
			projectRoot = "";
			targets = (
				4270027F2D479F5A00CB2153 /* Flip */,
				4270028F2D479F6000CB2153 /* FlipTests */,
				427002992D479F6000CB2153 /* FlipUITests */,
				42ED1DB62D526E2D009CC1CE /* Widget2Extension */,
			);
		};
/* End PBXProject section */

/* Begin PBXResourcesBuildPhase section */
		4270027E2D479F5A00CB2153 /* Resources */ = {
			isa = PBXResourcesBuildPhase;
			buildActionMask = 2147483647;
			files = (
			);
			runOnlyForDeploymentPostprocessing = 0;
		};
		4270028E2D479F6000CB2153 /* Resources */ = {
			isa = PBXResourcesBuildPhase;
			buildActionMask = 2147483647;
			files = (
			);
			runOnlyForDeploymentPostprocessing = 0;
		};
		427002982D479F6000CB2153 /* Resources */ = {
			isa = PBXResourcesBuildPhase;
			buildActionMask = 2147483647;
			files = (
			);
			runOnlyForDeploymentPostprocessing = 0;
		};
		42ED1DB52D526E2D009CC1CE /* Resources */ = {
			isa = PBXResourcesBuildPhase;
			buildActionMask = 2147483647;
			files = (
			);
			runOnlyForDeploymentPostprocessing = 0;
		};
/* End PBXResourcesBuildPhase section */

/* Begin PBXSourcesBuildPhase section */
		4270027C2D479F5A00CB2153 /* Sources */ = {
			isa = PBXSourcesBuildPhase;
			buildActionMask = 2147483647;
			files = (
				426C2A862D4E65220016880D /* FlipActivityAttributes.swift in Sources */,
				426C2A692D4E65220016880D /* FlipTypes.swift in Sources */,
				426C2A6E2D4E65220016880D /* Themes.swift in Sources */,
			);
			runOnlyForDeploymentPostprocessing = 0;
		};
		4270028C2D479F6000CB2153 /* Sources */ = {
			isa = PBXSourcesBuildPhase;
			buildActionMask = 2147483647;
			files = (
			);
			runOnlyForDeploymentPostprocessing = 0;
		};
		427002962D479F6000CB2153 /* Sources */ = {
			isa = PBXSourcesBuildPhase;
			buildActionMask = 2147483647;
			files = (
			);
			runOnlyForDeploymentPostprocessing = 0;
		};
		42ED1DB32D526E2D009CC1CE /* Sources */ = {
			isa = PBXSourcesBuildPhase;
			buildActionMask = 2147483647;
			files = (
				42ED1DD42D526F4C009CC1CE /* FlipTypes.swift in Sources */,
				42ED1DD22D526F40009CC1CE /* FlipActivityAttributes.swift in Sources */,
				42ED1DD32D526F46009CC1CE /* Themes.swift in Sources */,
			);
			runOnlyForDeploymentPostprocessing = 0;
		};
/* End PBXSourcesBuildPhase section */

/* Begin PBXTargetDependency section */
		427002922D479F6000CB2153 /* PBXTargetDependency */ = {
			isa = PBXTargetDependency;
			target = 4270027F2D479F5A00CB2153 /* Flip */;
			targetProxy = 427002912D479F6000CB2153 /* PBXContainerItemProxy */;
		};
		4270029C2D479F6000CB2153 /* PBXTargetDependency */ = {
			isa = PBXTargetDependency;
			target = 4270027F2D479F5A00CB2153 /* Flip */;
			targetProxy = 4270029B2D479F6000CB2153 /* PBXContainerItemProxy */;
		};
		42ED1DC72D526E35009CC1CE /* PBXTargetDependency */ = {
			isa = PBXTargetDependency;
			target = 42ED1DB62D526E2D009CC1CE /* Widget2Extension */;
			targetProxy = 42ED1DC62D526E35009CC1CE /* PBXContainerItemProxy */;
		};
/* End PBXTargetDependency section */

/* Begin XCBuildConfiguration section */
		427002A22D479F6000CB2153 /* Debug */ = {
			isa = XCBuildConfiguration;
			buildSettings = {
				ALWAYS_SEARCH_USER_PATHS = NO;
				ASSETCATALOG_COMPILER_GENERATE_SWIFT_ASSET_SYMBOL_EXTENSIONS = YES;
				CLANG_ANALYZER_NONNULL = YES;
				CLANG_ANALYZER_NUMBER_OBJECT_CONVERSION = YES_AGGRESSIVE;
				CLANG_CXX_LANGUAGE_STANDARD = "gnu++20";
				CLANG_ENABLE_MODULES = YES;
				CLANG_ENABLE_OBJC_ARC = YES;
				CLANG_ENABLE_OBJC_WEAK = YES;
				CLANG_WARN_BLOCK_CAPTURE_AUTORELEASING = YES;
				CLANG_WARN_BOOL_CONVERSION = YES;
				CLANG_WARN_COMMA = YES;
				CLANG_WARN_CONSTANT_CONVERSION = YES;
				CLANG_WARN_DEPRECATED_OBJC_IMPLEMENTATIONS = YES;
				CLANG_WARN_DIRECT_OBJC_ISA_USAGE = YES_ERROR;
				CLANG_WARN_DOCUMENTATION_COMMENTS = YES;
				CLANG_WARN_EMPTY_BODY = YES;
				CLANG_WARN_ENUM_CONVERSION = YES;
				CLANG_WARN_INFINITE_RECURSION = YES;
				CLANG_WARN_INT_CONVERSION = YES;
				CLANG_WARN_NON_LITERAL_NULL_CONVERSION = YES;
				CLANG_WARN_OBJC_IMPLICIT_RETAIN_SELF = YES;
				CLANG_WARN_OBJC_LITERAL_CONVERSION = YES;
				CLANG_WARN_OBJC_ROOT_CLASS = YES_ERROR;
				CLANG_WARN_QUOTED_INCLUDE_IN_FRAMEWORK_HEADER = YES;
				CLANG_WARN_RANGE_LOOP_ANALYSIS = YES;
				CLANG_WARN_STRICT_PROTOTYPES = YES;
				CLANG_WARN_SUSPICIOUS_MOVE = YES;
				CLANG_WARN_UNGUARDED_AVAILABILITY = YES_AGGRESSIVE;
				CLANG_WARN_UNREACHABLE_CODE = YES;
				CLANG_WARN__DUPLICATE_METHOD_MATCH = YES;
				COPY_PHASE_STRIP = NO;
				DEBUG_INFORMATION_FORMAT = dwarf;
				ENABLE_STRICT_OBJC_MSGSEND = YES;
				ENABLE_TESTABILITY = YES;
				ENABLE_USER_SCRIPT_SANDBOXING = YES;
				GCC_C_LANGUAGE_STANDARD = gnu17;
				GCC_DYNAMIC_NO_PIC = NO;
				GCC_NO_COMMON_BLOCKS = YES;
				GCC_OPTIMIZATION_LEVEL = 0;
				GCC_PREPROCESSOR_DEFINITIONS = (
					"DEBUG=1",
					"$(inherited)",
				);
				GCC_WARN_64_TO_32_BIT_CONVERSION = YES;
				GCC_WARN_ABOUT_RETURN_TYPE = YES_ERROR;
				GCC_WARN_UNDECLARED_SELECTOR = YES;
				GCC_WARN_UNINITIALIZED_AUTOS = YES_AGGRESSIVE;
				GCC_WARN_UNUSED_FUNCTION = YES;
				GCC_WARN_UNUSED_VARIABLE = YES;
				IPHONEOS_DEPLOYMENT_TARGET = 18.2;
				LOCALIZATION_PREFERS_STRING_CATALOGS = YES;
				MTL_ENABLE_DEBUG_INFO = INCLUDE_SOURCE;
				MTL_FAST_MATH = YES;
				ONLY_ACTIVE_ARCH = YES;
				SDKROOT = iphoneos;
				SWIFT_ACTIVE_COMPILATION_CONDITIONS = "DEBUG $(inherited)";
				SWIFT_OPTIMIZATION_LEVEL = "-Onone";
			};
			name = Debug;
		};
		427002A32D479F6000CB2153 /* Release */ = {
			isa = XCBuildConfiguration;
			buildSettings = {
				ALWAYS_SEARCH_USER_PATHS = NO;
				ASSETCATALOG_COMPILER_GENERATE_SWIFT_ASSET_SYMBOL_EXTENSIONS = YES;
				CLANG_ANALYZER_NONNULL = YES;
				CLANG_ANALYZER_NUMBER_OBJECT_CONVERSION = YES_AGGRESSIVE;
				CLANG_CXX_LANGUAGE_STANDARD = "gnu++20";
				CLANG_ENABLE_MODULES = YES;
				CLANG_ENABLE_OBJC_ARC = YES;
				CLANG_ENABLE_OBJC_WEAK = YES;
				CLANG_WARN_BLOCK_CAPTURE_AUTORELEASING = YES;
				CLANG_WARN_BOOL_CONVERSION = YES;
				CLANG_WARN_COMMA = YES;
				CLANG_WARN_CONSTANT_CONVERSION = YES;
				CLANG_WARN_DEPRECATED_OBJC_IMPLEMENTATIONS = YES;
				CLANG_WARN_DIRECT_OBJC_ISA_USAGE = YES_ERROR;
				CLANG_WARN_DOCUMENTATION_COMMENTS = YES;
				CLANG_WARN_EMPTY_BODY = YES;
				CLANG_WARN_ENUM_CONVERSION = YES;
				CLANG_WARN_INFINITE_RECURSION = YES;
				CLANG_WARN_INT_CONVERSION = YES;
				CLANG_WARN_NON_LITERAL_NULL_CONVERSION = YES;
				CLANG_WARN_OBJC_IMPLICIT_RETAIN_SELF = YES;
				CLANG_WARN_OBJC_LITERAL_CONVERSION = YES;
				CLANG_WARN_OBJC_ROOT_CLASS = YES_ERROR;
				CLANG_WARN_QUOTED_INCLUDE_IN_FRAMEWORK_HEADER = YES;
				CLANG_WARN_RANGE_LOOP_ANALYSIS = YES;
				CLANG_WARN_STRICT_PROTOTYPES = YES;
				CLANG_WARN_SUSPICIOUS_MOVE = YES;
				CLANG_WARN_UNGUARDED_AVAILABILITY = YES_AGGRESSIVE;
				CLANG_WARN_UNREACHABLE_CODE = YES;
				CLANG_WARN__DUPLICATE_METHOD_MATCH = YES;
				COPY_PHASE_STRIP = NO;
				DEBUG_INFORMATION_FORMAT = "dwarf-with-dsym";
				ENABLE_NS_ASSERTIONS = NO;
				ENABLE_STRICT_OBJC_MSGSEND = YES;
				ENABLE_USER_SCRIPT_SANDBOXING = YES;
				GCC_C_LANGUAGE_STANDARD = gnu17;
				GCC_NO_COMMON_BLOCKS = YES;
				GCC_WARN_64_TO_32_BIT_CONVERSION = YES;
				GCC_WARN_ABOUT_RETURN_TYPE = YES_ERROR;
				GCC_WARN_UNDECLARED_SELECTOR = YES;
				GCC_WARN_UNINITIALIZED_AUTOS = YES_AGGRESSIVE;
				GCC_WARN_UNUSED_FUNCTION = YES;
				GCC_WARN_UNUSED_VARIABLE = YES;
				IPHONEOS_DEPLOYMENT_TARGET = 18.2;
				LOCALIZATION_PREFERS_STRING_CATALOGS = YES;
				MTL_ENABLE_DEBUG_INFO = NO;
				MTL_FAST_MATH = YES;
				SDKROOT = iphoneos;
				SWIFT_COMPILATION_MODE = wholemodule;
				VALIDATE_PRODUCT = YES;
			};
			name = Release;
		};
		427002A52D479F6000CB2153 /* Debug */ = {
			isa = XCBuildConfiguration;
			buildSettings = {
				ASSETCATALOG_COMPILER_APPICON_NAME = AppIcon;
				ASSETCATALOG_COMPILER_GLOBAL_ACCENT_COLOR_NAME = AccentColor;
				CODE_SIGN_ENTITLEMENTS = Flip/Flip.entitlements;
				CODE_SIGN_IDENTITY = "Apple Development";
				CODE_SIGN_STYLE = Automatic;
				CURRENT_PROJECT_VERSION = 2;
				DEVELOPMENT_ASSET_PATHS = "\"Flip/Preview Content\"";
				DEVELOPMENT_TEAM = CS2CLR92L7;
				ENABLE_PREVIEWS = YES;
				GENERATE_INFOPLIST_FILE = YES;
				INFOPLIST_FILE = Flip/Info.plist;
				INFOPLIST_KEY_CFBundleDisplayName = Flip;
				INFOPLIST_KEY_NSMotionUsageDescription = "This app uses motion data to track if your phone is flipped over during focus sessions.";
				INFOPLIST_KEY_NSSupportsLiveActivities = YES;
				INFOPLIST_KEY_UIApplicationSceneManifest_Generation = YES;
				INFOPLIST_KEY_UIApplicationSupportsIndirectInputEvents = YES;
				INFOPLIST_KEY_UILaunchScreen_Generation = YES;
				INFOPLIST_KEY_UISupportedInterfaceOrientations_iPad = "UIInterfaceOrientationPortrait UIInterfaceOrientationPortraitUpsideDown UIInterfaceOrientationLandscapeLeft UIInterfaceOrientationLandscapeRight";
				INFOPLIST_KEY_UISupportedInterfaceOrientations_iPhone = "UIInterfaceOrientationPortrait UIInterfaceOrientationLandscapeLeft UIInterfaceOrientationLandscapeRight";
				IPHONEOS_DEPLOYMENT_TARGET = 18.0;
				LD_RUNPATH_SEARCH_PATHS = (
					"$(inherited)",
					"@executable_path/Frameworks",
				);
				MARKETING_VERSION = 1;
				PRODUCT_BUNDLE_IDENTIFIER = com.jexpearce.Flip;
				PRODUCT_NAME = "$(TARGET_NAME)";
				PROVISIONING_PROFILE_SPECIFIER = "";
				SWIFT_EMIT_LOC_STRINGS = YES;
				SWIFT_VERSION = 5.0;
				TARGETED_DEVICE_FAMILY = "1,2";
			};
			name = Debug;
		};
		427002A62D479F6000CB2153 /* Release */ = {
			isa = XCBuildConfiguration;
			buildSettings = {
				ASSETCATALOG_COMPILER_APPICON_NAME = AppIcon;
				ASSETCATALOG_COMPILER_GLOBAL_ACCENT_COLOR_NAME = AccentColor;
				CODE_SIGN_ENTITLEMENTS = Flip/Flip.entitlements;
				CODE_SIGN_IDENTITY = "Apple Development";
				CODE_SIGN_STYLE = Automatic;
				CURRENT_PROJECT_VERSION = 2;
				DEVELOPMENT_ASSET_PATHS = "\"Flip/Preview Content\"";
				DEVELOPMENT_TEAM = CS2CLR92L7;
				ENABLE_PREVIEWS = YES;
				GENERATE_INFOPLIST_FILE = YES;
				INFOPLIST_FILE = Flip/Info.plist;
				INFOPLIST_KEY_CFBundleDisplayName = Flip;
				INFOPLIST_KEY_NSMotionUsageDescription = "This app uses motion data to track if your phone is flipped over during focus sessions.";
				INFOPLIST_KEY_NSSupportsLiveActivities = YES;
				INFOPLIST_KEY_UIApplicationSceneManifest_Generation = YES;
				INFOPLIST_KEY_UIApplicationSupportsIndirectInputEvents = YES;
				INFOPLIST_KEY_UILaunchScreen_Generation = YES;
				INFOPLIST_KEY_UISupportedInterfaceOrientations_iPad = "UIInterfaceOrientationPortrait UIInterfaceOrientationPortraitUpsideDown UIInterfaceOrientationLandscapeLeft UIInterfaceOrientationLandscapeRight";
				INFOPLIST_KEY_UISupportedInterfaceOrientations_iPhone = "UIInterfaceOrientationPortrait UIInterfaceOrientationLandscapeLeft UIInterfaceOrientationLandscapeRight";
				IPHONEOS_DEPLOYMENT_TARGET = 18.0;
				LD_RUNPATH_SEARCH_PATHS = (
					"$(inherited)",
					"@executable_path/Frameworks",
				);
				MARKETING_VERSION = 1;
				PRODUCT_BUNDLE_IDENTIFIER = com.jexpearce.Flip;
				PRODUCT_NAME = "$(TARGET_NAME)";
				PROVISIONING_PROFILE_SPECIFIER = "";
				SWIFT_EMIT_LOC_STRINGS = YES;
				SWIFT_VERSION = 5.0;
				TARGETED_DEVICE_FAMILY = "1,2";
			};
			name = Release;
		};
		427002A82D479F6000CB2153 /* Debug */ = {
			isa = XCBuildConfiguration;
			buildSettings = {
				BUNDLE_LOADER = "$(TEST_HOST)";
				CODE_SIGN_STYLE = Automatic;
				CURRENT_PROJECT_VERSION = 1;
				DEVELOPMENT_TEAM = 2HAG477YT9;
				GENERATE_INFOPLIST_FILE = YES;
				IPHONEOS_DEPLOYMENT_TARGET = 18.2;
				MARKETING_VERSION = 1.0;
				PRODUCT_BUNDLE_IDENTIFIER = jexpearce.FlipTests;
				PRODUCT_NAME = "$(TARGET_NAME)";
				SWIFT_EMIT_LOC_STRINGS = NO;
				SWIFT_VERSION = 5.0;
				TARGETED_DEVICE_FAMILY = "1,2";
				TEST_HOST = "$(BUILT_PRODUCTS_DIR)/Flip.app/$(BUNDLE_EXECUTABLE_FOLDER_PATH)/Flip";
			};
			name = Debug;
		};
		427002A92D479F6000CB2153 /* Release */ = {
			isa = XCBuildConfiguration;
			buildSettings = {
				BUNDLE_LOADER = "$(TEST_HOST)";
				CODE_SIGN_STYLE = Automatic;
				CURRENT_PROJECT_VERSION = 1;
				DEVELOPMENT_TEAM = 2HAG477YT9;
				GENERATE_INFOPLIST_FILE = YES;
				IPHONEOS_DEPLOYMENT_TARGET = 18.2;
				MARKETING_VERSION = 1.0;
				PRODUCT_BUNDLE_IDENTIFIER = jexpearce.FlipTests;
				PRODUCT_NAME = "$(TARGET_NAME)";
				SWIFT_EMIT_LOC_STRINGS = NO;
				SWIFT_VERSION = 5.0;
				TARGETED_DEVICE_FAMILY = "1,2";
				TEST_HOST = "$(BUILT_PRODUCTS_DIR)/Flip.app/$(BUNDLE_EXECUTABLE_FOLDER_PATH)/Flip";
			};
			name = Release;
		};
		427002AB2D479F6000CB2153 /* Debug */ = {
			isa = XCBuildConfiguration;
			buildSettings = {
				"CODE_SIGN_IDENTITY[sdk=macosx*]" = "Apple Development";
				CODE_SIGN_STYLE = Automatic;
				CURRENT_PROJECT_VERSION = 1;
				DEVELOPMENT_TEAM = 2HAG477YT9;
				GENERATE_INFOPLIST_FILE = YES;
				MARKETING_VERSION = 1.0;
				PRODUCT_BUNDLE_IDENTIFIER = jexpearce.FlipUITests;
				PRODUCT_NAME = "$(TARGET_NAME)";
				SWIFT_EMIT_LOC_STRINGS = NO;
				SWIFT_VERSION = 5.0;
				TARGETED_DEVICE_FAMILY = "1,2";
				TEST_TARGET_NAME = Flip;
			};
			name = Debug;
		};
		427002AC2D479F6000CB2153 /* Release */ = {
			isa = XCBuildConfiguration;
			buildSettings = {
				"CODE_SIGN_IDENTITY[sdk=macosx*]" = "Apple Development";
				CODE_SIGN_STYLE = Automatic;
				CURRENT_PROJECT_VERSION = 1;
				DEVELOPMENT_TEAM = 2HAG477YT9;
				GENERATE_INFOPLIST_FILE = YES;
				MARKETING_VERSION = 1.0;
				PRODUCT_BUNDLE_IDENTIFIER = jexpearce.FlipUITests;
				PRODUCT_NAME = "$(TARGET_NAME)";
				SWIFT_EMIT_LOC_STRINGS = NO;
				SWIFT_VERSION = 5.0;
				TARGETED_DEVICE_FAMILY = "1,2";
				TEST_TARGET_NAME = Flip;
			};
			name = Release;
		};
		42ED1DCA2D526E35009CC1CE /* Debug */ = {
			isa = XCBuildConfiguration;
			buildSettings = {
				APP_SHORTCUTS_ENABLE_FLEXIBLE_MATCHING = NO;
				ASSETCATALOG_COMPILER_GLOBAL_ACCENT_COLOR_NAME = AccentColor;
				ASSETCATALOG_COMPILER_WIDGET_BACKGROUND_COLOR_NAME = WidgetBackground;
				CODE_SIGN_ENTITLEMENTS = Widget2/Widget2Extension.entitlements;
				CODE_SIGN_IDENTITY = "Apple Development";
				CODE_SIGN_STYLE = Automatic;
				CURRENT_PROJECT_VERSION = 2;
				DEVELOPMENT_TEAM = CS2CLR92L7;
				DONT_GENERATE_INFOPLIST_FILE = NO;
				GENERATE_INFOPLIST_FILE = YES;
				INFOPLIST_FILE = Widget2/Info.plist;
				INFOPLIST_KEY_CFBundleDisplayName = Widget2;
				INFOPLIST_KEY_NSHumanReadableCopyright = "";
				LD_RUNPATH_SEARCH_PATHS = (
					"$(inherited)",
					"@executable_path/Frameworks",
					"@executable_path/../../Frameworks",
				);
				MARKETING_VERSION = 1;
				PRODUCT_BUNDLE_IDENTIFIER = com.jexpearce.Flip.Widget2;
				PRODUCT_NAME = "$(TARGET_NAME)";
				SKIP_INSTALL = YES;
				SWIFT_EMIT_LOC_STRINGS = YES;
				SWIFT_VERSION = 5.0;
				TARGETED_DEVICE_FAMILY = "1,2";
			};
			name = Debug;
		};
		42ED1DCB2D526E35009CC1CE /* Release */ = {
			isa = XCBuildConfiguration;
			buildSettings = {
				APP_SHORTCUTS_ENABLE_FLEXIBLE_MATCHING = NO;
				ASSETCATALOG_COMPILER_GLOBAL_ACCENT_COLOR_NAME = AccentColor;
				ASSETCATALOG_COMPILER_WIDGET_BACKGROUND_COLOR_NAME = WidgetBackground;
				CODE_SIGN_ENTITLEMENTS = Widget2/Widget2Extension.entitlements;
				CODE_SIGN_IDENTITY = "Apple Development";
				CODE_SIGN_STYLE = Automatic;
				CURRENT_PROJECT_VERSION = 2;
				DEVELOPMENT_TEAM = CS2CLR92L7;
				DONT_GENERATE_INFOPLIST_FILE = NO;
				GENERATE_INFOPLIST_FILE = YES;
				INFOPLIST_FILE = Widget2/Info.plist;
				INFOPLIST_KEY_CFBundleDisplayName = Widget2;
				INFOPLIST_KEY_NSHumanReadableCopyright = "";
				LD_RUNPATH_SEARCH_PATHS = (
					"$(inherited)",
					"@executable_path/Frameworks",
					"@executable_path/../../Frameworks",
				);
				MARKETING_VERSION = 1;
				PRODUCT_BUNDLE_IDENTIFIER = com.jexpearce.Flip.Widget2;
				PRODUCT_NAME = "$(TARGET_NAME)";
				SKIP_INSTALL = YES;
				SWIFT_EMIT_LOC_STRINGS = YES;
				SWIFT_VERSION = 5.0;
				TARGETED_DEVICE_FAMILY = "1,2";
			};
			name = Release;
		};
/* End XCBuildConfiguration section */

/* Begin XCConfigurationList section */
		4270027B2D479F5A00CB2153 /* Build configuration list for PBXProject "Flip" */ = {
			isa = XCConfigurationList;
			buildConfigurations = (
				427002A22D479F6000CB2153 /* Debug */,
				427002A32D479F6000CB2153 /* Release */,
			);
			defaultConfigurationIsVisible = 0;
			defaultConfigurationName = Release;
		};
		427002A42D479F6000CB2153 /* Build configuration list for PBXNativeTarget "Flip" */ = {
			isa = XCConfigurationList;
			buildConfigurations = (
				427002A52D479F6000CB2153 /* Debug */,
				427002A62D479F6000CB2153 /* Release */,
			);
			defaultConfigurationIsVisible = 0;
			defaultConfigurationName = Release;
		};
		427002A72D479F6000CB2153 /* Build configuration list for PBXNativeTarget "FlipTests" */ = {
			isa = XCConfigurationList;
			buildConfigurations = (
				427002A82D479F6000CB2153 /* Debug */,
				427002A92D479F6000CB2153 /* Release */,
			);
			defaultConfigurationIsVisible = 0;
			defaultConfigurationName = Release;
		};
		427002AA2D479F6000CB2153 /* Build configuration list for PBXNativeTarget "FlipUITests" */ = {
			isa = XCConfigurationList;
			buildConfigurations = (
				427002AB2D479F6000CB2153 /* Debug */,
				427002AC2D479F6000CB2153 /* Release */,
			);
			defaultConfigurationIsVisible = 0;
			defaultConfigurationName = Release;
		};
		42ED1DC92D526E35009CC1CE /* Build configuration list for PBXNativeTarget "Widget2Extension" */ = {
			isa = XCConfigurationList;
			buildConfigurations = (
				42ED1DCA2D526E35009CC1CE /* Debug */,
				42ED1DCB2D526E35009CC1CE /* Release */,
			);
			defaultConfigurationIsVisible = 0;
			defaultConfigurationName = Release;
		};
/* End XCConfigurationList section */
	};
	rootObject = 427002782D479F5A00CB2153 /* Project object */;
}
